
Microsoft Visual Studio Solution File, Format Version 12.00
# Visual Studio Version 16
VisualStudioVersion = 16.0.32002.261
MinimumVisualStudioVersion = 10.0.40219.1
Project("{FAE04EC0-301F-11D3-BF4B-00C04F79EFBC}") = "addressbook_tests_autoit_2", "addressbook_tests_autoit_2.csproj", "{744D1246-BF47-4869-9B20-400B044A0951}"
EndProject
Global
	GlobalSection(SolutionConfigurationPlatforms) = preSolution
		Debug|Any CPU = Debug|Any CPU
		Release|Any CPU = Release|Any CPU
	EndGlobalSection
	GlobalSection(ProjectConfigurationPlatforms) = postSolution
		{744D1246-BF47-4869-9B20-400B044A0951}.Debug|Any CPU.ActiveCfg = Debug|Any CPU
		{744D1246-BF47-4869-9B20-400B044A0951}.Debug|Any CPU.Build.0 = Debug|Any CPU
		{744D1246-BF47-4869-9B20-400B044A0951}.Release|Any CPU.ActiveCfg = Release|Any CPU
		{744D1246-BF47-4869-9B20-400B044A0951}.Release|Any CPU.Build.0 = Release|Any CPU
	EndGlobalSection
	GlobalSection(SolutionProperties) = preSolution
		HideSolutionNode = FALSE
	EndGlobalSection
	GlobalSection(ExtensibilityGlobals) = postSolution
		SolutionGuid = {D92545D1-4542-47FD-803B-16FBE0ACEDDD}
	EndGlobalSection
EndGlobal
